
Microsoft Visual Studio Solution File, Format Version 12.00
# Visual Studio 15
Project("{FAE04EC0-301F-11D3-BF4B-00C04F79EFBC}") = "Assembly-CSharp", "Assembly-CSharp.csproj", "{9484943F-75B0-5DD8-2CFF-F551FDFCB7D7}"
EndProject
Project("{FAE04EC0-301F-11D3-BF4B-00C04F79EFBC}") = "Assembly-CSharp-Editor", "Assembly-CSharp-Editor.csproj", "{2CA253E2-DA48-B557-73C7-C774D5D3867A}"
EndProject
Global
	GlobalSection(SolutionConfigurationPlatforms) = preSolution
		Debug|Any CPU = Debug|Any CPU
		Release|Any CPU = Release|Any CPU
	EndGlobalSection
	GlobalSection(ProjectConfigurationPlatforms) = postSolution
		{9484943F-75B0-5DD8-2CFF-F551FDFCB7D7}.Debug|Any CPU.ActiveCfg = Debug|Any CPU
		{9484943F-75B0-5DD8-2CFF-F551FDFCB7D7}.Debug|Any CPU.Build.0 = Debug|Any CPU
		{9484943F-75B0-5DD8-2CFF-F551FDFCB7D7}.Release|Any CPU.ActiveCfg = Release|Any CPU
		{9484943F-75B0-5DD8-2CFF-F551FDFCB7D7}.Release|Any CPU.Build.0 = Release|Any CPU
		{2CA253E2-DA48-B557-73C7-C774D5D3867A}.Debug|Any CPU.ActiveCfg = Debug|Any CPU
		{2CA253E2-DA48-B557-73C7-C774D5D3867A}.Debug|Any CPU.Build.0 = Debug|Any CPU
		{2CA253E2-DA48-B557-73C7-C774D5D3867A}.Release|Any CPU.ActiveCfg = Release|Any CPU
		{2CA253E2-DA48-B557-73C7-C774D5D3867A}.Release|Any CPU.Build.0 = Release|Any CPU
	EndGlobalSection
	GlobalSection(SolutionProperties) = preSolution
		HideSolutionNode = FALSE
	EndGlobalSection
EndGlobal
